// !$*UTF8*$!
{
	archiveVersion = 1;
	classes = {
	};
	objectVersion = 50;
	objects = {

/* Begin PBXBuildFile section */
		61523C9E257673A90070A199 /* AppDelegate.swift in Sources */ = {isa = PBXBuildFile; fileRef = 61523C9D257673A90070A199 /* AppDelegate.swift */; };
		61523CA0257673A90070A199 /* SceneDelegate.swift in Sources */ = {isa = PBXBuildFile; fileRef = 61523C9F257673A90070A199 /* SceneDelegate.swift */; };
		61523CA2257673A90070A199 /* ContentView.swift in Sources */ = {isa = PBXBuildFile; fileRef = 61523CA1257673A90070A199 /* ContentView.swift */; };
		61523CA4257673AE0070A199 /* Assets.xcassets in Resources */ = {isa = PBXBuildFile; fileRef = 61523CA3257673AE0070A199 /* Assets.xcassets */; };
		61523CA7257673AE0070A199 /* Preview Assets.xcassets in Resources */ = {isa = PBXBuildFile; fileRef = 61523CA6257673AE0070A199 /* Preview Assets.xcassets */; };
		61523CAA257673AE0070A199 /* LaunchScreen.storyboard in Resources */ = {isa = PBXBuildFile; fileRef = 61523CA8257673AE0070A199 /* LaunchScreen.storyboard */; };
		61523CB3257673C80070A199 /* WeatherClass.swift in Sources */ = {isa = PBXBuildFile; fileRef = 61523CB2257673C80070A199 /* WeatherClass.swift */; };
		616028D02576E43200AD1B8C /* ErrorClass.swift in Sources */ = {isa = PBXBuildFile; fileRef = 616028CF2576E43200AD1B8C /* ErrorClass.swift */; };
		6165E035257C0A060091392F /* botUpdate.swift in Sources */ = {isa = PBXBuildFile; fileRef = 6165E034257C0A060091392F /* botUpdate.swift */; };
		61BB5FA9257D354300F7655B /* BackgroundView.swift in Sources */ = {isa = PBXBuildFile; fileRef = 61BB5FA8257D354300F7655B /* BackgroundView.swift */; };
/* End PBXBuildFile section */

/* Begin PBXFileReference section */
		61523C9A257673A90070A199 /* WeatherAppSwift.app */ = {isa = PBXFileReference; explicitFileType = wrapper.application; includeInIndex = 0; path = WeatherAppSwift.app; sourceTree = BUILT_PRODUCTS_DIR; };
		61523C9D257673A90070A199 /* AppDelegate.swift */ = {isa = PBXFileReference; lastKnownFileType = sourcecode.swift; path = AppDelegate.swift; sourceTree = "<group>"; };
		61523C9F257673A90070A199 /* SceneDelegate.swift */ = {isa = PBXFileReference; lastKnownFileType = sourcecode.swift; path = SceneDelegate.swift; sourceTree = "<group>"; };
		61523CA1257673A90070A199 /* ContentView.swift */ = {isa = PBXFileReference; lastKnownFileType = sourcecode.swift; path = ContentView.swift; sourceTree = "<group>"; };
		61523CA3257673AE0070A199 /* Assets.xcassets */ = {isa = PBXFileReference; lastKnownFileType = folder.assetcatalog; path = Assets.xcassets; sourceTree = "<group>"; };
		61523CA6257673AE0070A199 /* Preview Assets.xcassets */ = {isa = PBXFileReference; lastKnownFileType = folder.assetcatalog; path = "Preview Assets.xcassets"; sourceTree = "<group>"; };
		61523CA9257673AE0070A199 /* Base */ = {isa = PBXFileReference; lastKnownFileType = file.storyboard; name = Base; path = Base.lproj/LaunchScreen.storyboard; sourceTree = "<group>"; };
		61523CAB257673AE0070A199 /* Info.plist */ = {isa = PBXFileReference; lastKnownFileType = text.plist.xml; path = Info.plist; sourceTree = "<group>"; };
		61523CB2257673C80070A199 /* WeatherClass.swift */ = {isa = PBXFileReference; lastKnownFileType = sourcecode.swift; path = WeatherClass.swift; sourceTree = "<group>"; };
		616028CF2576E43200AD1B8C /* ErrorClass.swift */ = {isa = PBXFileReference; lastKnownFileType = sourcecode.swift; path = ErrorClass.swift; sourceTree = "<group>"; };
		6165E034257C0A060091392F /* botUpdate.swift */ = {isa = PBXFileReference; lastKnownFileType = sourcecode.swift; path = botUpdate.swift; sourceTree = "<group>"; };
		61BB5FA8257D354300F7655B /* BackgroundView.swift */ = {isa = PBXFileReference; lastKnownFileType = sourcecode.swift; path = BackgroundView.swift; sourceTree = "<group>"; };
/* End PBXFileReference section */

/* Begin PBXFrameworksBuildPhase section */
		61523C97257673A90070A199 /* Frameworks */ = {
			isa = PBXFrameworksBuildPhase;
			buildActionMask = 2147483647;
			files = (
			);
			runOnlyForDeploymentPostprocessing = 0;
		};
/* End PBXFrameworksBuildPhase section */

/* Begin PBXGroup section */
		61523C91257673A90070A199 = {
			isa = PBXGroup;
			children = (
				61523C9C257673A90070A199 /* WeatherAppSwift */,
				61523C9B257673A90070A199 /* Products */,
			);
			sourceTree = "<group>";
		};
		61523C9B257673A90070A199 /* Products */ = {
			isa = PBXGroup;
			children = (
				61523C9A257673A90070A199 /* WeatherAppSwift.app */,
			);
			name = Products;
			sourceTree = "<group>";
		};
		61523C9C257673A90070A199 /* WeatherAppSwift */ = {
			isa = PBXGroup;
			children = (
				61523C9D257673A90070A199 /* AppDelegate.swift */,
				61523C9F257673A90070A199 /* SceneDelegate.swift */,
				61523CA1257673A90070A199 /* ContentView.swift */,
				61BB5FA8257D354300F7655B /* BackgroundView.swift */,
				6165E033257C09980091392F /* Classes */,
				61523CA3257673AE0070A199 /* Assets.xcassets */,
				61523CA8257673AE0070A199 /* LaunchScreen.storyboard */,
				61523CAB257673AE0070A199 /* Info.plist */,
				61523CA5257673AE0070A199 /* Preview Content */,
			);
			path = WeatherAppSwift;
			sourceTree = "<group>";
		};
		61523CA5257673AE0070A199 /* Preview Content */ = {
			isa = PBXGroup;
			children = (
				61523CA6257673AE0070A199 /* Preview Assets.xcassets */,
			);
			path = "Preview Content";
			sourceTree = "<group>";
		};
		6165E033257C09980091392F /* Classes */ = {
			isa = PBXGroup;
			children = (
				6165E034257C0A060091392F /* botUpdate.swift */,
				616028CF2576E43200AD1B8C /* ErrorClass.swift */,
				61523CB2257673C80070A199 /* WeatherClass.swift */,
			);
			path = Classes;
			sourceTree = "<group>";
		};
/* End PBXGroup section */

/* Begin PBXNativeTarget section */
		61523C99257673A90070A199 /* WeatherAppSwift */ = {
			isa = PBXNativeTarget;
			buildConfigurationList = 61523CAE257673AE0070A199 /* Build configuration list for PBXNativeTarget "WeatherAppSwift" */;
			buildPhases = (
				61523C96257673A90070A199 /* Sources */,
				61523C97257673A90070A199 /* Frameworks */,
				61523C98257673A90070A199 /* Resources */,
			);
			buildRules = (
			);
			dependencies = (
			);
			name = WeatherAppSwift;
			productName = WeatherAppSwift;
			productReference = 61523C9A257673A90070A199 /* WeatherAppSwift.app */;
			productType = "com.apple.product-type.application";
		};
/* End PBXNativeTarget section */

/* Begin PBXProject section */
		61523C92257673A90070A199 /* Project object */ = {
			isa = PBXProject;
			attributes = {
				LastSwiftUpdateCheck = 1220;
				LastUpgradeCheck = 1220;
				TargetAttributes = {
					61523C99257673A90070A199 = {
						CreatedOnToolsVersion = 12.2;
					};
				};
			};
			buildConfigurationList = 61523C95257673A90070A199 /* Build configuration list for PBXProject "WeatherAppSwift" */;
			compatibilityVersion = "Xcode 9.3";
			developmentRegion = en;
			hasScannedForEncodings = 0;
			knownRegions = (
				en,
				Base,
			);
			mainGroup = 61523C91257673A90070A199;
			productRefGroup = 61523C9B257673A90070A199 /* Products */;
			projectDirPath = "";
			projectRoot = "";
			targets = (
				61523C99257673A90070A199 /* WeatherAppSwift */,
			);
		};
/* End PBXProject section */

/* Begin PBXResourcesBuildPhase section */
		61523C98257673A90070A199 /* Resources */ = {
			isa = PBXResourcesBuildPhase;
			buildActionMask = 2147483647;
			files = (
				61523CAA257673AE0070A199 /* LaunchScreen.storyboard in Resources */,
				61523CA7257673AE0070A199 /* Preview Assets.xcassets in Resources */,
				61523CA4257673AE0070A199 /* Assets.xcassets in Resources */,
			);
			runOnlyForDeploymentPostprocessing = 0;
		};
/* End PBXResourcesBuildPhase section */

/* Begin PBXSourcesBuildPhase section */
		61523C96257673A90070A199 /* Sources */ = {
			isa = PBXSourcesBuildPhase;
			buildActionMask = 2147483647;
			files = (
				6165E035257C0A060091392F /* botUpdate.swift in Sources */,
				61523C9E257673A90070A199 /* AppDelegate.swift in Sources */,
				61523CA0257673A90070A199 /* SceneDelegate.swift in Sources */,
				61BB5FA9257D354300F7655B /* BackgroundView.swift in Sources */,
				616028D02576E43200AD1B8C /* ErrorClass.swift in Sources */,
				61523CA2257673A90070A199 /* ContentView.swift in Sources */,
				61523CB3257673C80070A199 /* WeatherClass.swift in Sources */,
			);
			runOnlyForDeploymentPostprocessing = 0;
		};
/* End PBXSourcesBuildPhase section */

/* Begin PBXVariantGroup section */
		61523CA8257673AE0070A199 /* LaunchScreen.storyboard */ = {
			isa = PBXVariantGroup;
			children = (
				61523CA9257673AE0070A199 /* Base */,
			);
			name = LaunchScreen.storyboard;
			sourceTree = "<group>";
		};
/* End PBXVariantGroup section */

/* Begin XCBuildConfiguration section */
		61523CAC257673AE0070A199 /* Debug */ = {
			isa = XCBuildConfiguration;
			buildSettings = {
				ALWAYS_SEARCH_USER_PATHS = NO;
				CLANG_ANALYZER_NONNULL = YES;
				CLANG_ANALYZER_NUMBER_OBJECT_CONVERSION = YES_AGGRESSIVE;
				CLANG_CXX_LANGUAGE_STANDARD = "gnu++14";
				CLANG_CXX_LIBRARY = "libc++";
				CLANG_ENABLE_MODULES = YES;
				CLANG_ENABLE_OBJC_ARC = YES;
				CLANG_ENABLE_OBJC_WEAK = YES;
				CLANG_WARN_BLOCK_CAPTURE_AUTORELEASING = YES;
				CLANG_WARN_BOOL_CONVERSION = YES;
				CLANG_WARN_COMMA = YES;
				CLANG_WARN_CONSTANT_CONVERSION = YES;
				CLANG_WARN_DEPRECATED_OBJC_IMPLEMENTATIONS = YES;
				CLANG_WARN_DIRECT_OBJC_ISA_USAGE = YES_ERROR;
				CLANG_WARN_DOCUMENTATION_COMMENTS = YES;
				CLANG_WARN_EMPTY_BODY = YES;
				CLANG_WARN_ENUM_CONVERSION = YES;
				CLANG_WARN_INFINITE_RECURSION = YES;
				CLANG_WARN_INT_CONVERSION = YES;
				CLANG_WARN_NON_LITERAL_NULL_CONVERSION = YES;
				CLANG_WARN_OBJC_IMPLICIT_RETAIN_SELF = YES;
				CLANG_WARN_OBJC_LITERAL_CONVERSION = YES;
				CLANG_WARN_OBJC_ROOT_CLASS = YES_ERROR;
				CLANG_WARN_QUOTED_INCLUDE_IN_FRAMEWORK_HEADER = YES;
				CLANG_WARN_RANGE_LOOP_ANALYSIS = YES;
				CLANG_WARN_STRICT_PROTOTYPES = YES;
				CLANG_WARN_SUSPICIOUS_MOVE = YES;
				CLANG_WARN_UNGUARDED_AVAILABILITY = YES_AGGRESSIVE;
				CLANG_WARN_UNREACHABLE_CODE = YES;
				CLANG_WARN__DUPLICATE_METHOD_MATCH = YES;
				COPY_PHASE_STRIP = NO;
				DEBUG_INFORMATION_FORMAT = dwarf;
				ENABLE_STRICT_OBJC_MSGSEND = YES;
				ENABLE_TESTABILITY = YES;
				GCC_C_LANGUAGE_STANDARD = gnu11;
				GCC_DYNAMIC_NO_PIC = NO;
				GCC_NO_COMMON_BLOCKS = YES;
				GCC_OPTIMIZATION_LEVEL = 0;
				GCC_PREPROCESSOR_DEFINITIONS = (
					"DEBUG=1",
					"$(inherited)",
				);
				GCC_WARN_64_TO_32_BIT_CONVERSION = YES;
				GCC_WARN_ABOUT_RETURN_TYPE = YES_ERROR;
				GCC_WARN_UNDECLARED_SELECTOR = YES;
				GCC_WARN_UNINITIALIZED_AUTOS = YES_AGGRESSIVE;
				GCC_WARN_UNUSED_FUNCTION = YES;
				GCC_WARN_UNUSED_VARIABLE = YES;
				IPHONEOS_DEPLOYMENT_TARGET = 14.2;
				MTL_ENABLE_DEBUG_INFO = INCLUDE_SOURCE;
				MTL_FAST_MATH = YES;
				ONLY_ACTIVE_ARCH = YES;
				SDKROOT = iphoneos;
				SWIFT_ACTIVE_COMPILATION_CONDITIONS = DEBUG;
				SWIFT_OPTIMIZATION_LEVEL = "-Onone";
			};
			name = Debug;
		};
		61523CAD257673AE0070A199 /* Release */ = {
			isa = XCBuildConfiguration;
			buildSettings = {
				ALWAYS_SEARCH_USER_PATHS = NO;
				CLANG_ANALYZER_NONNULL = YES;
				CLANG_ANALYZER_NUMBER_OBJECT_CONVERSION = YES_AGGRESSIVE;
				CLANG_CXX_LANGUAGE_STANDARD = "gnu++14";
				CLANG_CXX_LIBRARY = "libc++";
				CLANG_ENABLE_MODULES = YES;
				CLANG_ENABLE_OBJC_ARC = YES;
				CLANG_ENABLE_OBJC_WEAK = YES;
				CLANG_WARN_BLOCK_CAPTURE_AUTORELEASING = YES;
				CLANG_WARN_BOOL_CONVERSION = YES;
				CLANG_WARN_COMMA = YES;
				CLANG_WARN_CONSTANT_CONVERSION = YES;
				CLANG_WARN_DEPRECATED_OBJC_IMPLEMENTATIONS = YES;
				CLANG_WARN_DIRECT_OBJC_ISA_USAGE = YES_ERROR;
				CLANG_WARN_DOCUMENTATION_COMMENTS = YES;
				CLANG_WARN_EMPTY_BODY = YES;
				CLANG_WARN_ENUM_CONVERSION = YES;
				CLANG_WARN_INFINITE_RECURSION = YES;
				CLANG_WARN_INT_CONVERSION = YES;
				CLANG_WARN_NON_LITERAL_NULL_CONVERSION = YES;
				CLANG_WARN_OBJC_IMPLICIT_RETAIN_SELF = YES;
				CLANG_WARN_OBJC_LITERAL_CONVERSION = YES;
				CLANG_WARN_OBJC_ROOT_CLASS = YES_ERROR;
				CLANG_WARN_QUOTED_INCLUDE_IN_FRAMEWORK_HEADER = YES;
				CLANG_WARN_RANGE_LOOP_ANALYSIS = YES;
				CLANG_WARN_STRICT_PROTOTYPES = YES;
				CLANG_WARN_SUSPICIOUS_MOVE = YES;
				CLANG_WARN_UNGUARDED_AVAILABILITY = YES_AGGRESSIVE;
				CLANG_WARN_UNREACHABLE_CODE = YES;
				CLANG_WARN__DUPLICATE_METHOD_MATCH = YES;
				COPY_PHASE_STRIP = NO;
				DEBUG_INFORMATION_FORMAT = "dwarf-with-dsym";
				ENABLE_NS_ASSERTIONS = NO;
				ENABLE_STRICT_OBJC_MSGSEND = YES;
				GCC_C_LANGUAGE_STANDARD = gnu11;
				GCC_NO_COMMON_BLOCKS = YES;
				GCC_WARN_64_TO_32_BIT_CONVERSION = YES;
				GCC_WARN_ABOUT_RETURN_TYPE = YES_ERROR;
				GCC_WARN_UNDECLARED_SELECTOR = YES;
				GCC_WARN_UNINITIALIZED_AUTOS = YES_AGGRESSIVE;
				GCC_WARN_UNUSED_FUNCTION = YES;
				GCC_WARN_UNUSED_VARIABLE = YES;
				IPHONEOS_DEPLOYMENT_TARGET = 14.2;
				MTL_ENABLE_DEBUG_INFO = NO;
				MTL_FAST_MATH = YES;
				SDKROOT = iphoneos;
				SWIFT_COMPILATION_MODE = wholemodule;
				SWIFT_OPTIMIZATION_LEVEL = "-O";
				VALIDATE_PRODUCT = YES;
			};
			name = Release;
		};
		61523CAF257673AE0070A199 /* Debug */ = {
			isa = XCBuildConfiguration;
			buildSettings = {
				ASSETCATALOG_COMPILER_APPICON_NAME = AppIcon;
				ASSETCATALOG_COMPILER_GLOBAL_ACCENT_COLOR_NAME = AccentColor;
				CODE_SIGN_STYLE = Automatic;
				DEVELOPMENT_ASSET_PATHS = "\"WeatherAppSwift/Preview Content\"";
				DEVELOPMENT_TEAM = SZ24TTUHBL;
				ENABLE_PREVIEWS = YES;
				INFOPLIST_FILE = WeatherAppSwift/Info.plist;
				LD_RUNPATH_SEARCH_PATHS = (
					"$(inherited)",
					"@executable_path/Frameworks",
				);
				PRODUCT_BUNDLE_IDENTIFIER = vladukha.WeatherAppSwift;
				PRODUCT_NAME = "$(TARGET_NAME)";
				SWIFT_VERSION = 5.0;
				TARGETED_DEVICE_FAMILY = 1;
			};
			name = Debug;
		};
		61523CB0257673AE0070A199 /* Release */ = {
			isa = XCBuildConfiguration;
			buildSettings = {
				ASSETCATALOG_COMPILER_APPICON_NAME = AppIcon;
				ASSETCATALOG_COMPILER_GLOBAL_ACCENT_COLOR_NAME = AccentColor;
				CODE_SIGN_STYLE = Automatic;
				DEVELOPMENT_ASSET_PATHS = "\"WeatherAppSwift/Preview Content\"";
				DEVELOPMENT_TEAM = SZ24TTUHBL;
				ENABLE_PREVIEWS = YES;
				INFOPLIST_FILE = WeatherAppSwift/Info.plist;
				LD_RUNPATH_SEARCH_PATHS = (
					"$(inherited)",
					"@executable_path/Frameworks",
				);
				PRODUCT_BUNDLE_IDENTIFIER = vladukha.WeatherAppSwift;
				PRODUCT_NAME = "$(TARGET_NAME)";
				SWIFT_VERSION = 5.0;
				TARGETED_DEVICE_FAMILY = 1;
			};
			name = Release;
		};
/* End XCBuildConfiguration section */

/* Begin XCConfigurationList section */
		61523C95257673A90070A199 /* Build configuration list for PBXProject "WeatherAppSwift" */ = {
			isa = XCConfigurationList;
			buildConfigurations = (
				61523CAC257673AE0070A199 /* Debug */,
				61523CAD257673AE0070A199 /* Release */,
			);
			defaultConfigurationIsVisible = 0;
			defaultConfigurationName = Release;
		};
		61523CAE257673AE0070A199 /* Build configuration list for PBXNativeTarget "WeatherAppSwift" */ = {
			isa = XCConfigurationList;
			buildConfigurations = (
				61523CAF257673AE0070A199 /* Debug */,
				61523CB0257673AE0070A199 /* Release */,
			);
			defaultConfigurationIsVisible = 0;
			defaultConfigurationName = Release;
		};
/* End XCConfigurationList section */
	};
	rootObject = 61523C92257673A90070A199 /* Project object */;
}
